// !$*UTF8*$!
{
	archiveVersion = 1;
	classes = {
	};
	objectVersion = 46;
	objects = {

/* Begin PBXBuildFile section */
		A9604BA91E1F82A9008593F2 /* AppDelegate.swift in Sources */ = {isa = PBXBuildFile; fileRef = A9604BA81E1F82A9008593F2 /* AppDelegate.swift */; };
		A9604BAB1E1F82A9008593F2 /* RootViewController.swift in Sources */ = {isa = PBXBuildFile; fileRef = A9604BAA1E1F82A9008593F2 /* RootViewController.swift */; };
		A9604BAD1E1F82A9008593F2 /* DataViewController.swift in Sources */ = {isa = PBXBuildFile; fileRef = A9604BAC1E1F82A9008593F2 /* DataViewController.swift */; };
		A9604BAF1E1F82A9008593F2 /* ModelController.swift in Sources */ = {isa = PBXBuildFile; fileRef = A9604BAE1E1F82A9008593F2 /* ModelController.swift */; };
		A9604BB21E1F82A9008593F2 /* Main.storyboard in Resources */ = {isa = PBXBuildFile; fileRef = A9604BB01E1F82A9008593F2 /* Main.storyboard */; };
		A9604BB41E1F82A9008593F2 /* Assets.xcassets in Resources */ = {isa = PBXBuildFile; fileRef = A9604BB31E1F82A9008593F2 /* Assets.xcassets */; };
		A9604BB71E1F82A9008593F2 /* LaunchScreen.storyboard in Resources */ = {isa = PBXBuildFile; fileRef = A9604BB51E1F82A9008593F2 /* LaunchScreen.storyboard */; };
/* End PBXBuildFile section */

/* Begin PBXFileReference section */
		A9604BA51E1F82A9008593F2 /* HelloWorld.app */ = {isa = PBXFileReference; explicitFileType = wrapper.application; includeInIndex = 0; path = HelloWorld.app; sourceTree = BUILT_PRODUCTS_DIR; };
		A9604BA81E1F82A9008593F2 /* AppDelegate.swift */ = {isa = PBXFileReference; lastKnownFileType = sourcecode.swift; path = AppDelegate.swift; sourceTree = "<group>"; };
		A9604BAA1E1F82A9008593F2 /* RootViewController.swift */ = {isa = PBXFileReference; lastKnownFileType = sourcecode.swift; path = RootViewController.swift; sourceTree = "<group>"; };
		A9604BAC1E1F82A9008593F2 /* DataViewController.swift */ = {isa = PBXFileReference; lastKnownFileType = sourcecode.swift; path = DataViewController.swift; sourceTree = "<group>"; };
		A9604BAE1E1F82A9008593F2 /* ModelController.swift */ = {isa = PBXFileReference; lastKnownFileType = sourcecode.swift; path = ModelController.swift; sourceTree = "<group>"; };
		A9604BB11E1F82A9008593F2 /* Base */ = {isa = PBXFileReference; lastKnownFileType = file.storyboard; name = Base; path = Base.lproj/Main.storyboard; sourceTree = "<group>"; };
		A9604BB31E1F82A9008593F2 /* Assets.xcassets */ = {isa = PBXFileReference; lastKnownFileType = folder.assetcatalog; path = Assets.xcassets; sourceTree = "<group>"; };
		A9604BB61E1F82A9008593F2 /* Base */ = {isa = PBXFileReference; lastKnownFileType = file.storyboard; name = Base; path = Base.lproj/LaunchScreen.storyboard; sourceTree = "<group>"; };
		A9604BB81E1F82A9008593F2 /* Info.plist */ = {isa = PBXFileReference; lastKnownFileType = text.plist.xml; path = Info.plist; sourceTree = "<group>"; };
/* End PBXFileReference section */

/* Begin PBXFrameworksBuildPhase section */
		A9604BA21E1F82A9008593F2 /* Frameworks */ = {
			isa = PBXFrameworksBuildPhase;
			buildActionMask = 2147483647;
			files = (
			);
			runOnlyForDeploymentPostprocessing = 0;
		};
/* End PBXFrameworksBuildPhase section */

/* Begin PBXGroup section */
		A9604B9C1E1F82A9008593F2 = {
			isa = PBXGroup;
			children = (
				A9604BA71E1F82A9008593F2 /* HelloWorld */,
				A9604BA61E1F82A9008593F2 /* Products */,
			);
			sourceTree = "<group>";
		};
		A9604BA61E1F82A9008593F2 /* Products */ = {
			isa = PBXGroup;
			children = (
				A9604BA51E1F82A9008593F2 /* HelloWorld.app */,
			);
			name = Products;
			sourceTree = "<group>";
		};
		A9604BA71E1F82A9008593F2 /* HelloWorld */ = {
			isa = PBXGroup;
			children = (
				A9604BA81E1F82A9008593F2 /* AppDelegate.swift */,
				A9604BAA1E1F82A9008593F2 /* RootViewController.swift */,
				A9604BAC1E1F82A9008593F2 /* DataViewController.swift */,
				A9604BAE1E1F82A9008593F2 /* ModelController.swift */,
				A9604BB01E1F82A9008593F2 /* Main.storyboard */,
				A9604BB31E1F82A9008593F2 /* Assets.xcassets */,
				A9604BB51E1F82A9008593F2 /* LaunchScreen.storyboard */,
				A9604BB81E1F82A9008593F2 /* Info.plist */,
			);
			path = HelloWorld;
			sourceTree = "<group>";
		};
/* End PBXGroup section */

/* Begin PBXNativeTarget section */
		A9604BA41E1F82A9008593F2 /* HelloWorld */ = {
			isa = PBXNativeTarget;
			buildConfigurationList = A9604BBB1E1F82A9008593F2 /* Build configuration list for PBXNativeTarget "HelloWorld" */;
			buildPhases = (
				A9604BA11E1F82A9008593F2 /* Sources */,
				A9604BA21E1F82A9008593F2 /* Frameworks */,
				A9604BA31E1F82A9008593F2 /* Resources */,
			);
			buildRules = (
			);
			dependencies = (
			);
			name = HelloWorld;
			productName = HelloWorld;
			productReference = A9604BA51E1F82A9008593F2 /* HelloWorld.app */;
			productType = "com.apple.product-type.application";
		};
/* End PBXNativeTarget section */

/* Begin PBXProject section */
		A9604B9D1E1F82A9008593F2 /* Project object */ = {
			isa = PBXProject;
			attributes = {
				LastSwiftUpdateCheck = 0820;
				LastUpgradeCheck = 0820;
				ORGANIZATIONNAME = "Miranda Schulz";
				TargetAttributes = {
					A9604BA41E1F82A9008593F2 = {
						CreatedOnToolsVersion = 8.2.1;
						ProvisioningStyle = Automatic;
					};
				};
			};
			buildConfigurationList = A9604BA01E1F82A9008593F2 /* Build configuration list for PBXProject "HelloWorld" */;
			compatibilityVersion = "Xcode 3.2";
			developmentRegion = English;
			hasScannedForEncodings = 0;
			knownRegions = (
				en,
				Base,
			);
			mainGroup = A9604B9C1E1F82A9008593F2;
			productRefGroup = A9604BA61E1F82A9008593F2 /* Products */;
			projectDirPath = "";
			projectRoot = "";
			targets = (
				A9604BA41E1F82A9008593F2 /* HelloWorld */,
			);
		};
/* End PBXProject section */

/* Begin PBXResourcesBuildPhase section */
		A9604BA31E1F82A9008593F2 /* Resources */ = {
			isa = PBXResourcesBuildPhase;
			buildActionMask = 2147483647;
			files = (
				A9604BB71E1F82A9008593F2 /* LaunchScreen.storyboard in Resources */,
				A9604BB41E1F82A9008593F2 /* Assets.xcassets in Resources */,
				A9604BB21E1F82A9008593F2 /* Main.storyboard in Resources */,
			);
			runOnlyForDeploymentPostprocessing = 0;
		};
/* End PBXResourcesBuildPhase section */

/* Begin PBXSourcesBuildPhase section */
		A9604BA11E1F82A9008593F2 /* Sources */ = {
			isa = PBXSourcesBuildPhase;
			buildActionMask = 2147483647;
			files = (
				A9604BAB1E1F82A9008593F2 /* RootViewController.swift in Sources */,
				A9604BAF1E1F82A9008593F2 /* ModelController.swift in Sources */,
				A9604BAD1E1F82A9008593F2 /* DataViewController.swift in Sources */,
				A9604BA91E1F82A9008593F2 /* AppDelegate.swift in Sources */,
			);
			runOnlyForDeploymentPostprocessing = 0;
		};
/* End PBXSourcesBuildPhase section */

/* Begin PBXVariantGroup section */
		A9604BB01E1F82A9008593F2 /* Main.storyboard */ = {
			isa = PBXVariantGroup;
			children = (
				A9604BB11E1F82A9008593F2 /* Base */,
			);
			name = Main.storyboard;
			sourceTree = "<group>";
		};
		A9604BB51E1F82A9008593F2 /* LaunchScreen.storyboard */ = {
			isa = PBXVariantGroup;
			children = (
				A9604BB61E1F82A9008593F2 /* Base */,
			);
			name = LaunchScreen.storyboard;
			sourceTree = "<group>";
		};
/* End PBXVariantGroup section */

/* Begin XCBuildConfiguration section */
		A9604BB91E1F82A9008593F2 /* Debug */ = {
			isa = XCBuildConfiguration;
			buildSettings = {
				ALWAYS_SEARCH_USER_PATHS = NO;
				CLANG_ANALYZER_NONNULL = YES;
				CLANG_CXX_LANGUAGE_STANDARD = "gnu++0x";
				CLANG_CXX_LIBRARY = "libc++";
				CLANG_ENABLE_MODULES = YES;
				CLANG_ENABLE_OBJC_ARC = YES;
				CLANG_WARN_BOOL_CONVERSION = YES;
				CLANG_WARN_CONSTANT_CONVERSION = YES;
				CLANG_WARN_DIRECT_OBJC_ISA_USAGE = YES_ERROR;
				CLANG_WARN_DOCUMENTATION_COMMENTS = YES;
				CLANG_WARN_EMPTY_BODY = YES;
				CLANG_WARN_ENUM_CONVERSION = YES;
				CLANG_WARN_INFINITE_RECURSION = YES;
				CLANG_WARN_INT_CONVERSION = YES;
				CLANG_WARN_OBJC_ROOT_CLASS = YES_ERROR;
				CLANG_WARN_SUSPICIOUS_MOVE = YES;
				CLANG_WARN_UNREACHABLE_CODE = YES;
				CLANG_WARN__DUPLICATE_METHOD_MATCH = YES;
				"CODE_SIGN_IDENTITY[sdk=iphoneos*]" = "iPhone Developer";
				COPY_PHASE_STRIP = NO;
				DEBUG_INFORMATION_FORMAT = dwarf;
				ENABLE_STRICT_OBJC_MSGSEND = YES;
				ENABLE_TESTABILITY = YES;
				GCC_C_LANGUAGE_STANDARD = gnu99;
				GCC_DYNAMIC_NO_PIC = NO;
				GCC_NO_COMMON_BLOCKS = YES;
				GCC_OPTIMIZATION_LEVEL = 0;
				GCC_PREPROCESSOR_DEFINITIONS = (
					"DEBUG=1",
					"$(inherited)",
				);
				GCC_WARN_64_TO_32_BIT_CONVERSION = YES;
				GCC_WARN_ABOUT_RETURN_TYPE = YES_ERROR;
				GCC_WARN_UNDECLARED_SELECTOR = YES;
				GCC_WARN_UNINITIALIZED_AUTOS = YES_AGGRESSIVE;
				GCC_WARN_UNUSED_FUNCTION = YES;
				GCC_WARN_UNUSED_VARIABLE = YES;
				IPHONEOS_DEPLOYMENT_TARGET = 10.2;
				MTL_ENABLE_DEBUG_INFO = YES;
				ONLY_ACTIVE_ARCH = YES;
				SDKROOT = iphoneos;
				SWIFT_ACTIVE_COMPILATION_CONDITIONS = DEBUG;
				SWIFT_OPTIMIZATION_LEVEL = "-Onone";
			};
			name = Debug;
		};
		A9604BBA1E1F82A9008593F2 /* Release */ = {
			isa = XCBuildConfiguration;
			buildSettings = {
				ALWAYS_SEARCH_USER_PATHS = NO;
				CLANG_ANALYZER_NONNULL = YES;
				CLANG_CXX_LANGUAGE_STANDARD = "gnu++0x";
				CLANG_CXX_LIBRARY = "libc++";
				CLANG_ENABLE_MODULES = YES;
				CLANG_ENABLE_OBJC_ARC = YES;
				CLANG_WARN_BOOL_CONVERSION = YES;
				CLANG_WARN_CONSTANT_CONVERSION = YES;
				CLANG_WARN_DIRECT_OBJC_ISA_USAGE = YES_ERROR;
				CLANG_WARN_DOCUMENTATION_COMMENTS = YES;
				CLANG_WARN_EMPTY_BODY = YES;
				CLANG_WARN_ENUM_CONVERSION = YES;
				CLANG_WARN_INFINITE_RECURSION = YES;
				CLANG_WARN_INT_CONVERSION = YES;
				CLANG_WARN_OBJC_ROOT_CLASS = YES_ERROR;
				CLANG_WARN_SUSPICIOUS_MOVE = YES;
				CLANG_WARN_UNREACHABLE_CODE = YES;
				CLANG_WARN__DUPLICATE_METHOD_MATCH = YES;
				"CODE_SIGN_IDENTITY[sdk=iphoneos*]" = "iPhone Developer";
				COPY_PHASE_STRIP = NO;
				DEBUG_INFORMATION_FORMAT = "dwarf-with-dsym";
				ENABLE_NS_ASSERTIONS = NO;
				ENABLE_STRICT_OBJC_MSGSEND = YES;
				GCC_C_LANGUAGE_STANDARD = gnu99;
				GCC_NO_COMMON_BLOCKS = YES;
				GCC_WARN_64_TO_32_BIT_CONVERSION = YES;
				GCC_WARN_ABOUT_RETURN_TYPE = YES_ERROR;
				GCC_WARN_UNDECLARED_SELECTOR = YES;
				GCC_WARN_UNINITIALIZED_AUTOS = YES_AGGRESSIVE;
				GCC_WARN_UNUSED_FUNCTION = YES;
				GCC_WARN_UNUSED_VARIABLE = YES;
				IPHONEOS_DEPLOYMENT_TARGET = 10.2;
				MTL_ENABLE_DEBUG_INFO = NO;
				SDKROOT = iphoneos;
				SWIFT_OPTIMIZATION_LEVEL = "-Owholemodule";
				VALIDATE_PRODUCT = YES;
			};
			name = Release;
		};
		A9604BBC1E1F82A9008593F2 /* Debug */ = {
			isa = XCBuildConfiguration;
			buildSettings = {
				ASSETCATALOG_COMPILER_APPICON_NAME = AppIcon;
				INFOPLIST_FILE = HelloWorld/Info.plist;
				LD_RUNPATH_SEARCH_PATHS = "$(inherited) @executable_path/Frameworks";
				PRODUCT_BUNDLE_IDENTIFIER = com.appcoda.HelloWorld;
				PRODUCT_NAME = "$(TARGET_NAME)";
				SWIFT_VERSION = 3.0;
			};
			name = Debug;
		};
		A9604BBD1E1F82A9008593F2 /* Release */ = {
			isa = XCBuildConfiguration;
			buildSettings = {
				ASSETCATALOG_COMPILER_APPICON_NAME = AppIcon;
				INFOPLIST_FILE = HelloWorld/Info.plist;
				LD_RUNPATH_SEARCH_PATHS = "$(inherited) @executable_path/Frameworks";
				PRODUCT_BUNDLE_IDENTIFIER = com.appcoda.HelloWorld;
				PRODUCT_NAME = "$(TARGET_NAME)";
				SWIFT_VERSION = 3.0;
			};
			name = Release;
		};
/* End XCBuildConfiguration section */

/* Begin XCConfigurationList section */
		A9604BA01E1F82A9008593F2 /* Build configuration list for PBXProject "HelloWorld" */ = {
			isa = XCConfigurationList;
			buildConfigurations = (
				A9604BB91E1F82A9008593F2 /* Debug */,
				A9604BBA1E1F82A9008593F2 /* Release */,
			);
			defaultConfigurationIsVisible = 0;
			defaultConfigurationName = Release;
		};
		A9604BBB1E1F82A9008593F2 /* Build configuration list for PBXNativeTarget "HelloWorld" */ = {
			isa = XCConfigurationList;
			buildConfigurations = (
				A9604BBC1E1F82A9008593F2 /* Debug */,
				A9604BBD1E1F82A9008593F2 /* Release */,
			);
			defaultConfigurationIsVisible = 0;
		};
/* End XCConfigurationList section */
	};
	rootObject = A9604B9D1E1F82A9008593F2 /* Project object */;
}
